
Microsoft Visual Studio Solution File, Format Version 12.00
# Visual Studio Version 17
VisualStudioVersion = 17.8.34316.72
MinimumVisualStudioVersion = 10.0.40219.1
Project("{FAE04EC0-301F-11D3-BF4B-00C04F79EFBC}") = "BussinessObject", "BussinessObject\BussinessObject.csproj", "{637DFB28-6EBE-4FB8-912D-6E6737DFDBD7}"
EndProject
Project("{FAE04EC0-301F-11D3-BF4B-00C04F79EFBC}") = "DataAccess", "DataAccess\DataAccess.csproj", "{DFA5C4D5-7E46-406D-9195-D763F15CF791}"
EndProject
Project("{FAE04EC0-301F-11D3-BF4B-00C04F79EFBC}") = "Repositories", "Repositories\Repositories.csproj", "{98A4A5D8-4835-47CF-94FC-0C4EBF094D3C}"
EndProject
Project("{FAE04EC0-301F-11D3-BF4B-00C04F79EFBC}") = "LipstickManagementAPI", "LipstickManagementAPI\LipstickManagementAPI.csproj", "{827A308D-B77E-4024-9DB5-313A2812C01F}"
EndProject
Global
	GlobalSection(SolutionConfigurationPlatforms) = preSolution
		Debug|Any CPU = Debug|Any CPU
		Release|Any CPU = Release|Any CPU
	EndGlobalSection
	GlobalSection(ProjectConfigurationPlatforms) = postSolution
		{637DFB28-6EBE-4FB8-912D-6E6737DFDBD7}.Debug|Any CPU.ActiveCfg = Debug|Any CPU
		{637DFB28-6EBE-4FB8-912D-6E6737DFDBD7}.Debug|Any CPU.Build.0 = Debug|Any CPU
		{637DFB28-6EBE-4FB8-912D-6E6737DFDBD7}.Release|Any CPU.ActiveCfg = Release|Any CPU
		{637DFB28-6EBE-4FB8-912D-6E6737DFDBD7}.Release|Any CPU.Build.0 = Release|Any CPU
		{DFA5C4D5-7E46-406D-9195-D763F15CF791}.Debug|Any CPU.ActiveCfg = Debug|Any CPU
		{DFA5C4D5-7E46-406D-9195-D763F15CF791}.Debug|Any CPU.Build.0 = Debug|Any CPU
		{DFA5C4D5-7E46-406D-9195-D763F15CF791}.Release|Any CPU.ActiveCfg = Release|Any CPU
		{DFA5C4D5-7E46-406D-9195-D763F15CF791}.Release|Any CPU.Build.0 = Release|Any CPU
		{98A4A5D8-4835-47CF-94FC-0C4EBF094D3C}.Debug|Any CPU.ActiveCfg = Debug|Any CPU
		{98A4A5D8-4835-47CF-94FC-0C4EBF094D3C}.Debug|Any CPU.Build.0 = Debug|Any CPU
		{98A4A5D8-4835-47CF-94FC-0C4EBF094D3C}.Release|Any CPU.ActiveCfg = Release|Any CPU
		{98A4A5D8-4835-47CF-94FC-0C4EBF094D3C}.Release|Any CPU.Build.0 = Release|Any CPU
		{827A308D-B77E-4024-9DB5-313A2812C01F}.Debug|Any CPU.ActiveCfg = Debug|Any CPU
		{827A308D-B77E-4024-9DB5-313A2812C01F}.Debug|Any CPU.Build.0 = Debug|Any CPU
		{827A308D-B77E-4024-9DB5-313A2812C01F}.Release|Any CPU.ActiveCfg = Release|Any CPU
		{827A308D-B77E-4024-9DB5-313A2812C01F}.Release|Any CPU.Build.0 = Release|Any CPU
	EndGlobalSection
	GlobalSection(SolutionProperties) = preSolution
		HideSolutionNode = FALSE
	EndGlobalSection
	GlobalSection(ExtensibilityGlobals) = postSolution
		SolutionGuid = {50B0A855-4C84-4E86-B35D-46E33BE5A80A}
	EndGlobalSection
EndGlobal
